// !$*UTF8*$!
{
	archiveVersion = 1;
	classes = {
	};
	objectVersion = 55;
	objects = {

/* Begin PBXBuildFile section */
		03138D78275A6865003883CA /* AppDelegate.swift in Sources */ = {isa = PBXBuildFile; fileRef = 03138D77275A6865003883CA /* AppDelegate.swift */; };
		03138D7A275A6865003883CA /* SceneDelegate.swift in Sources */ = {isa = PBXBuildFile; fileRef = 03138D79275A6865003883CA /* SceneDelegate.swift */; };
		03138D7C275A6865003883CA /* ViewController.swift in Sources */ = {isa = PBXBuildFile; fileRef = 03138D7B275A6865003883CA /* ViewController.swift */; };
		03138D7F275A6865003883CA /* Main.storyboard in Resources */ = {isa = PBXBuildFile; fileRef = 03138D7D275A6865003883CA /* Main.storyboard */; };
		03138D81275A6868003883CA /* Assets.xcassets in Resources */ = {isa = PBXBuildFile; fileRef = 03138D80275A6868003883CA /* Assets.xcassets */; };
		03138D84275A6868003883CA /* LaunchScreen.storyboard in Resources */ = {isa = PBXBuildFile; fileRef = 03138D82275A6868003883CA /* LaunchScreen.storyboard */; };
		03138D8F275A6869003883CA /* UnsplashToyProjectTests.swift in Sources */ = {isa = PBXBuildFile; fileRef = 03138D8E275A6869003883CA /* UnsplashToyProjectTests.swift */; };
		03138D99275A6869003883CA /* UnsplashToyProjectUITests.swift in Sources */ = {isa = PBXBuildFile; fileRef = 03138D98275A6869003883CA /* UnsplashToyProjectUITests.swift */; };
		03138D9B275A6869003883CA /* UnsplashToyProjectUITestsLaunchTests.swift in Sources */ = {isa = PBXBuildFile; fileRef = 03138D9A275A6869003883CA /* UnsplashToyProjectUITestsLaunchTests.swift */; };
		03138DA9275A6B6A003883CA /* NetworkAPI.swift in Sources */ = {isa = PBXBuildFile; fileRef = 03138DA8275A6B6A003883CA /* NetworkAPI.swift */; };
		03138DAC275A6C79003883CA /* URLSessionExtension.swift in Sources */ = {isa = PBXBuildFile; fileRef = 03138DAB275A6C79003883CA /* URLSessionExtension.swift */; };
		03138DB0275A6D57003883CA /* PhotoAPIUnitTests.swift in Sources */ = {isa = PBXBuildFile; fileRef = 03138DAF275A6D57003883CA /* PhotoAPIUnitTests.swift */; };
		03138DB3275A7134003883CA /* Photo.swift in Sources */ = {isa = PBXBuildFile; fileRef = 03138DB2275A7134003883CA /* Photo.swift */; };
		03138DB5275A71DB003883CA /* Photographer.swift in Sources */ = {isa = PBXBuildFile; fileRef = 03138DB4275A71DB003883CA /* Photographer.swift */; };
		4EEE4B6BE81FCDBD9BCA3729 /* Pods_UnsplashToyProjectTests.framework in Frameworks */ = {isa = PBXBuildFile; fileRef = 7BF1E2129F37268989633CE2 /* Pods_UnsplashToyProjectTests.framework */; };
		CCB6B8C3BD19F6AA93688352 /* Pods_UnsplashToyProject.framework in Frameworks */ = {isa = PBXBuildFile; fileRef = A98A15FDA83ADE0819E0C46B /* Pods_UnsplashToyProject.framework */; };
		D8EA039942DC3771FFBF6363 /* Pods_UnsplashToyProject_UnsplashToyProjectUITests.framework in Frameworks */ = {isa = PBXBuildFile; fileRef = BBD95611519F7CD2BAA129BB /* Pods_UnsplashToyProject_UnsplashToyProjectUITests.framework */; };
/* End PBXBuildFile section */

/* Begin PBXContainerItemProxy section */
		03138D8B275A6869003883CA /* PBXContainerItemProxy */ = {
			isa = PBXContainerItemProxy;
			containerPortal = 03138D6C275A6865003883CA /* Project object */;
			proxyType = 1;
			remoteGlobalIDString = 03138D73275A6865003883CA;
			remoteInfo = UnsplashToyProject;
		};
		03138D95275A6869003883CA /* PBXContainerItemProxy */ = {
			isa = PBXContainerItemProxy;
			containerPortal = 03138D6C275A6865003883CA /* Project object */;
			proxyType = 1;
			remoteGlobalIDString = 03138D73275A6865003883CA;
			remoteInfo = UnsplashToyProject;
		};
/* End PBXContainerItemProxy section */

/* Begin PBXFileReference section */
		03138D74275A6865003883CA /* UnsplashToyProject.app */ = {isa = PBXFileReference; explicitFileType = wrapper.application; includeInIndex = 0; path = UnsplashToyProject.app; sourceTree = BUILT_PRODUCTS_DIR; };
		03138D77275A6865003883CA /* AppDelegate.swift */ = {isa = PBXFileReference; lastKnownFileType = sourcecode.swift; path = AppDelegate.swift; sourceTree = "<group>"; };
		03138D79275A6865003883CA /* SceneDelegate.swift */ = {isa = PBXFileReference; lastKnownFileType = sourcecode.swift; path = SceneDelegate.swift; sourceTree = "<group>"; };
		03138D7B275A6865003883CA /* ViewController.swift */ = {isa = PBXFileReference; lastKnownFileType = sourcecode.swift; path = ViewController.swift; sourceTree = "<group>"; };
		03138D7E275A6865003883CA /* Base */ = {isa = PBXFileReference; lastKnownFileType = file.storyboard; name = Base; path = Base.lproj/Main.storyboard; sourceTree = "<group>"; };
		03138D80275A6868003883CA /* Assets.xcassets */ = {isa = PBXFileReference; lastKnownFileType = folder.assetcatalog; path = Assets.xcassets; sourceTree = "<group>"; };
		03138D83275A6868003883CA /* Base */ = {isa = PBXFileReference; lastKnownFileType = file.storyboard; name = Base; path = Base.lproj/LaunchScreen.storyboard; sourceTree = "<group>"; };
		03138D85275A6868003883CA /* Info.plist */ = {isa = PBXFileReference; lastKnownFileType = text.plist.xml; path = Info.plist; sourceTree = "<group>"; };
		03138D8A275A6869003883CA /* UnsplashToyProjectTests.xctest */ = {isa = PBXFileReference; explicitFileType = wrapper.cfbundle; includeInIndex = 0; path = UnsplashToyProjectTests.xctest; sourceTree = BUILT_PRODUCTS_DIR; };
		03138D8E275A6869003883CA /* UnsplashToyProjectTests.swift */ = {isa = PBXFileReference; lastKnownFileType = sourcecode.swift; path = UnsplashToyProjectTests.swift; sourceTree = "<group>"; };
		03138D94275A6869003883CA /* UnsplashToyProjectUITests.xctest */ = {isa = PBXFileReference; explicitFileType = wrapper.cfbundle; includeInIndex = 0; path = UnsplashToyProjectUITests.xctest; sourceTree = BUILT_PRODUCTS_DIR; };
		03138D98275A6869003883CA /* UnsplashToyProjectUITests.swift */ = {isa = PBXFileReference; lastKnownFileType = sourcecode.swift; path = UnsplashToyProjectUITests.swift; sourceTree = "<group>"; };
		03138D9A275A6869003883CA /* UnsplashToyProjectUITestsLaunchTests.swift */ = {isa = PBXFileReference; lastKnownFileType = sourcecode.swift; path = UnsplashToyProjectUITestsLaunchTests.swift; sourceTree = "<group>"; };
		03138DA8275A6B6A003883CA /* NetworkAPI.swift */ = {isa = PBXFileReference; lastKnownFileType = sourcecode.swift; path = NetworkAPI.swift; sourceTree = "<group>"; };
		03138DAB275A6C79003883CA /* URLSessionExtension.swift */ = {isa = PBXFileReference; lastKnownFileType = sourcecode.swift; path = URLSessionExtension.swift; sourceTree = "<group>"; };
		03138DAF275A6D57003883CA /* PhotoAPIUnitTests.swift */ = {isa = PBXFileReference; lastKnownFileType = sourcecode.swift; path = PhotoAPIUnitTests.swift; sourceTree = "<group>"; };
		03138DB2275A7134003883CA /* Photo.swift */ = {isa = PBXFileReference; lastKnownFileType = sourcecode.swift; path = Photo.swift; sourceTree = "<group>"; };
		03138DB4275A71DB003883CA /* Photographer.swift */ = {isa = PBXFileReference; lastKnownFileType = sourcecode.swift; path = Photographer.swift; sourceTree = "<group>"; };
		11954F36439E3365BF32722E /* Pods-UnsplashToyProjectTests.release.xcconfig */ = {isa = PBXFileReference; includeInIndex = 1; lastKnownFileType = text.xcconfig; name = "Pods-UnsplashToyProjectTests.release.xcconfig"; path = "Target Support Files/Pods-UnsplashToyProjectTests/Pods-UnsplashToyProjectTests.release.xcconfig"; sourceTree = "<group>"; };
		3AA87E97FA90ACE9F4A0B53E /* Pods-UnsplashToyProjectTests.debug.xcconfig */ = {isa = PBXFileReference; includeInIndex = 1; lastKnownFileType = text.xcconfig; name = "Pods-UnsplashToyProjectTests.debug.xcconfig"; path = "Target Support Files/Pods-UnsplashToyProjectTests/Pods-UnsplashToyProjectTests.debug.xcconfig"; sourceTree = "<group>"; };
		5561A2B3E3DDF7E114122A72 /* Pods-UnsplashToyProject.debug.xcconfig */ = {isa = PBXFileReference; includeInIndex = 1; lastKnownFileType = text.xcconfig; name = "Pods-UnsplashToyProject.debug.xcconfig"; path = "Target Support Files/Pods-UnsplashToyProject/Pods-UnsplashToyProject.debug.xcconfig"; sourceTree = "<group>"; };
		7BF1E2129F37268989633CE2 /* Pods_UnsplashToyProjectTests.framework */ = {isa = PBXFileReference; explicitFileType = wrapper.framework; includeInIndex = 0; path = Pods_UnsplashToyProjectTests.framework; sourceTree = BUILT_PRODUCTS_DIR; };
		A98A15FDA83ADE0819E0C46B /* Pods_UnsplashToyProject.framework */ = {isa = PBXFileReference; explicitFileType = wrapper.framework; includeInIndex = 0; path = Pods_UnsplashToyProject.framework; sourceTree = BUILT_PRODUCTS_DIR; };
		BBD95611519F7CD2BAA129BB /* Pods_UnsplashToyProject_UnsplashToyProjectUITests.framework */ = {isa = PBXFileReference; explicitFileType = wrapper.framework; includeInIndex = 0; path = Pods_UnsplashToyProject_UnsplashToyProjectUITests.framework; sourceTree = BUILT_PRODUCTS_DIR; };
		BF2D645BE98672CEF312BBCD /* Pods-UnsplashToyProject.release.xcconfig */ = {isa = PBXFileReference; includeInIndex = 1; lastKnownFileType = text.xcconfig; name = "Pods-UnsplashToyProject.release.xcconfig"; path = "Target Support Files/Pods-UnsplashToyProject/Pods-UnsplashToyProject.release.xcconfig"; sourceTree = "<group>"; };
		C22FEDD4A5C06BDF8C678090 /* Pods-UnsplashToyProject-UnsplashToyProjectUITests.release.xcconfig */ = {isa = PBXFileReference; includeInIndex = 1; lastKnownFileType = text.xcconfig; name = "Pods-UnsplashToyProject-UnsplashToyProjectUITests.release.xcconfig"; path = "Target Support Files/Pods-UnsplashToyProject-UnsplashToyProjectUITests/Pods-UnsplashToyProject-UnsplashToyProjectUITests.release.xcconfig"; sourceTree = "<group>"; };
		F9ED2AC290356CE80ECE45CF /* Pods-UnsplashToyProject-UnsplashToyProjectUITests.debug.xcconfig */ = {isa = PBXFileReference; includeInIndex = 1; lastKnownFileType = text.xcconfig; name = "Pods-UnsplashToyProject-UnsplashToyProjectUITests.debug.xcconfig"; path = "Target Support Files/Pods-UnsplashToyProject-UnsplashToyProjectUITests/Pods-UnsplashToyProject-UnsplashToyProjectUITests.debug.xcconfig"; sourceTree = "<group>"; };
/* End PBXFileReference section */

/* Begin PBXFrameworksBuildPhase section */
		03138D71275A6865003883CA /* Frameworks */ = {
			isa = PBXFrameworksBuildPhase;
			buildActionMask = 2147483647;
			files = (
				CCB6B8C3BD19F6AA93688352 /* Pods_UnsplashToyProject.framework in Frameworks */,
			);
			runOnlyForDeploymentPostprocessing = 0;
		};
		03138D87275A6869003883CA /* Frameworks */ = {
			isa = PBXFrameworksBuildPhase;
			buildActionMask = 2147483647;
			files = (
				4EEE4B6BE81FCDBD9BCA3729 /* Pods_UnsplashToyProjectTests.framework in Frameworks */,
			);
			runOnlyForDeploymentPostprocessing = 0;
		};
		03138D91275A6869003883CA /* Frameworks */ = {
			isa = PBXFrameworksBuildPhase;
			buildActionMask = 2147483647;
			files = (
				D8EA039942DC3771FFBF6363 /* Pods_UnsplashToyProject_UnsplashToyProjectUITests.framework in Frameworks */,
			);
			runOnlyForDeploymentPostprocessing = 0;
		};
/* End PBXFrameworksBuildPhase section */

/* Begin PBXGroup section */
		03138D6B275A6865003883CA = {
			isa = PBXGroup;
			children = (
				03138D76275A6865003883CA /* UnsplashToyProject */,
				03138D8D275A6869003883CA /* UnsplashToyProjectTests */,
				03138D97275A6869003883CA /* UnsplashToyProjectUITests */,
				03138D75275A6865003883CA /* Products */,
				362D4ECDC2CFAE5E5C053257 /* Pods */,
				31DC148187206FDB46F2336F /* Frameworks */,
			);
			sourceTree = "<group>";
		};
		03138D75275A6865003883CA /* Products */ = {
			isa = PBXGroup;
			children = (
				03138D74275A6865003883CA /* UnsplashToyProject.app */,
				03138D8A275A6869003883CA /* UnsplashToyProjectTests.xctest */,
				03138D94275A6869003883CA /* UnsplashToyProjectUITests.xctest */,
			);
			name = Products;
			sourceTree = "<group>";
		};
		03138D76275A6865003883CA /* UnsplashToyProject */ = {
			isa = PBXGroup;
			children = (
				03138DB1275A7128003883CA /* Model */,
				03138DAA275A6C68003883CA /* Extension */,
				03138DA7275A6B5B003883CA /* Constants */,
				03138D77275A6865003883CA /* AppDelegate.swift */,
				03138D79275A6865003883CA /* SceneDelegate.swift */,
				03138D7B275A6865003883CA /* ViewController.swift */,
				03138D7D275A6865003883CA /* Main.storyboard */,
				03138D80275A6868003883CA /* Assets.xcassets */,
				03138D82275A6868003883CA /* LaunchScreen.storyboard */,
				03138D85275A6868003883CA /* Info.plist */,
			);
			path = UnsplashToyProject;
			sourceTree = "<group>";
		};
		03138D8D275A6869003883CA /* UnsplashToyProjectTests */ = {
			isa = PBXGroup;
			children = (
				03138D8E275A6869003883CA /* UnsplashToyProjectTests.swift */,
				03138DAF275A6D57003883CA /* PhotoAPIUnitTests.swift */,
			);
			path = UnsplashToyProjectTests;
			sourceTree = "<group>";
		};
		03138D97275A6869003883CA /* UnsplashToyProjectUITests */ = {
			isa = PBXGroup;
			children = (
				03138D98275A6869003883CA /* UnsplashToyProjectUITests.swift */,
				03138D9A275A6869003883CA /* UnsplashToyProjectUITestsLaunchTests.swift */,
			);
			path = UnsplashToyProjectUITests;
			sourceTree = "<group>";
		};
		03138DA7275A6B5B003883CA /* Constants */ = {
			isa = PBXGroup;
			children = (
				03138DA8275A6B6A003883CA /* NetworkAPI.swift */,
			);
			path = Constants;
			sourceTree = "<group>";
		};
		03138DAA275A6C68003883CA /* Extension */ = {
			isa = PBXGroup;
			children = (
				03138DAB275A6C79003883CA /* URLSessionExtension.swift */,
			);
			path = Extension;
			sourceTree = "<group>";
		};
		03138DB1275A7128003883CA /* Model */ = {
			isa = PBXGroup;
			children = (
				03138DB2275A7134003883CA /* Photo.swift */,
				03138DB4275A71DB003883CA /* Photographer.swift */,
			);
			path = Model;
			sourceTree = "<group>";
		};
		31DC148187206FDB46F2336F /* Frameworks */ = {
			isa = PBXGroup;
			children = (
				A98A15FDA83ADE0819E0C46B /* Pods_UnsplashToyProject.framework */,
				BBD95611519F7CD2BAA129BB /* Pods_UnsplashToyProject_UnsplashToyProjectUITests.framework */,
				7BF1E2129F37268989633CE2 /* Pods_UnsplashToyProjectTests.framework */,
			);
			name = Frameworks;
			sourceTree = "<group>";
		};
		362D4ECDC2CFAE5E5C053257 /* Pods */ = {
			isa = PBXGroup;
			children = (
				5561A2B3E3DDF7E114122A72 /* Pods-UnsplashToyProject.debug.xcconfig */,
				BF2D645BE98672CEF312BBCD /* Pods-UnsplashToyProject.release.xcconfig */,
				F9ED2AC290356CE80ECE45CF /* Pods-UnsplashToyProject-UnsplashToyProjectUITests.debug.xcconfig */,
				C22FEDD4A5C06BDF8C678090 /* Pods-UnsplashToyProject-UnsplashToyProjectUITests.release.xcconfig */,
				3AA87E97FA90ACE9F4A0B53E /* Pods-UnsplashToyProjectTests.debug.xcconfig */,
				11954F36439E3365BF32722E /* Pods-UnsplashToyProjectTests.release.xcconfig */,
			);
			path = Pods;
			sourceTree = "<group>";
		};
/* End PBXGroup section */

/* Begin PBXNativeTarget section */
		03138D73275A6865003883CA /* UnsplashToyProject */ = {
			isa = PBXNativeTarget;
			buildConfigurationList = 03138D9E275A6869003883CA /* Build configuration list for PBXNativeTarget "UnsplashToyProject" */;
			buildPhases = (
				E1FC42A3AFC2A8FD14432EF8 /* [CP] Check Pods Manifest.lock */,
				03138D70275A6865003883CA /* Sources */,
				03138D71275A6865003883CA /* Frameworks */,
				03138D72275A6865003883CA /* Resources */,
				F62E74406F5E5770B7998C78 /* [CP] Embed Pods Frameworks */,
			);
			buildRules = (
			);
			dependencies = (
			);
			name = UnsplashToyProject;
			productName = UnsplashToyProject;
			productReference = 03138D74275A6865003883CA /* UnsplashToyProject.app */;
			productType = "com.apple.product-type.application";
		};
		03138D89275A6869003883CA /* UnsplashToyProjectTests */ = {
			isa = PBXNativeTarget;
			buildConfigurationList = 03138DA1275A6869003883CA /* Build configuration list for PBXNativeTarget "UnsplashToyProjectTests" */;
			buildPhases = (
				F569D0A3969E1C5BB72A620D /* [CP] Check Pods Manifest.lock */,
				03138D86275A6869003883CA /* Sources */,
				03138D87275A6869003883CA /* Frameworks */,
				03138D88275A6869003883CA /* Resources */,
				EE9A29684F9C4EC7930E373B /* [CP] Embed Pods Frameworks */,
			);
			buildRules = (
			);
			dependencies = (
				03138D8C275A6869003883CA /* PBXTargetDependency */,
			);
			name = UnsplashToyProjectTests;
			productName = UnsplashToyProjectTests;
			productReference = 03138D8A275A6869003883CA /* UnsplashToyProjectTests.xctest */;
			productType = "com.apple.product-type.bundle.unit-test";
		};
		03138D93275A6869003883CA /* UnsplashToyProjectUITests */ = {
			isa = PBXNativeTarget;
			buildConfigurationList = 03138DA4275A6869003883CA /* Build configuration list for PBXNativeTarget "UnsplashToyProjectUITests" */;
			buildPhases = (
				2597702DD3A243F80E42FD50 /* [CP] Check Pods Manifest.lock */,
				03138D90275A6869003883CA /* Sources */,
				03138D91275A6869003883CA /* Frameworks */,
				03138D92275A6869003883CA /* Resources */,
				E76A0568270BEA2FEEFCB02F /* [CP] Embed Pods Frameworks */,
			);
			buildRules = (
			);
			dependencies = (
				03138D96275A6869003883CA /* PBXTargetDependency */,
			);
			name = UnsplashToyProjectUITests;
			productName = UnsplashToyProjectUITests;
			productReference = 03138D94275A6869003883CA /* UnsplashToyProjectUITests.xctest */;
			productType = "com.apple.product-type.bundle.ui-testing";
		};
/* End PBXNativeTarget section */

/* Begin PBXProject section */
		03138D6C275A6865003883CA /* Project object */ = {
			isa = PBXProject;
			attributes = {
				BuildIndependentTargetsInParallel = 1;
				LastSwiftUpdateCheck = 1310;
				LastUpgradeCheck = 1310;
				TargetAttributes = {
					03138D73275A6865003883CA = {
						CreatedOnToolsVersion = 13.1;
					};
					03138D89275A6869003883CA = {
						CreatedOnToolsVersion = 13.1;
						TestTargetID = 03138D73275A6865003883CA;
					};
					03138D93275A6869003883CA = {
						CreatedOnToolsVersion = 13.1;
						TestTargetID = 03138D73275A6865003883CA;
					};
				};
			};
			buildConfigurationList = 03138D6F275A6865003883CA /* Build configuration list for PBXProject "UnsplashToyProject" */;
			compatibilityVersion = "Xcode 13.0";
			developmentRegion = en;
			hasScannedForEncodings = 0;
			knownRegions = (
				en,
				Base,
			);
			mainGroup = 03138D6B275A6865003883CA;
			productRefGroup = 03138D75275A6865003883CA /* Products */;
			projectDirPath = "";
			projectRoot = "";
			targets = (
				03138D73275A6865003883CA /* UnsplashToyProject */,
				03138D89275A6869003883CA /* UnsplashToyProjectTests */,
				03138D93275A6869003883CA /* UnsplashToyProjectUITests */,
			);
		};
/* End PBXProject section */

/* Begin PBXResourcesBuildPhase section */
		03138D72275A6865003883CA /* Resources */ = {
			isa = PBXResourcesBuildPhase;
			buildActionMask = 2147483647;
			files = (
				03138D84275A6868003883CA /* LaunchScreen.storyboard in Resources */,
				03138D81275A6868003883CA /* Assets.xcassets in Resources */,
				03138D7F275A6865003883CA /* Main.storyboard in Resources */,
			);
			runOnlyForDeploymentPostprocessing = 0;
		};
		03138D88275A6869003883CA /* Resources */ = {
			isa = PBXResourcesBuildPhase;
			buildActionMask = 2147483647;
			files = (
			);
			runOnlyForDeploymentPostprocessing = 0;
		};
		03138D92275A6869003883CA /* Resources */ = {
			isa = PBXResourcesBuildPhase;
			buildActionMask = 2147483647;
			files = (
			);
			runOnlyForDeploymentPostprocessing = 0;
		};
/* End PBXResourcesBuildPhase section */

/* Begin PBXShellScriptBuildPhase section */
		2597702DD3A243F80E42FD50 /* [CP] Check Pods Manifest.lock */ = {
			isa = PBXShellScriptBuildPhase;
			buildActionMask = 2147483647;
			files = (
			);
			inputFileListPaths = (
			);
			inputPaths = (
				"${PODS_PODFILE_DIR_PATH}/Podfile.lock",
				"${PODS_ROOT}/Manifest.lock",
			);
			name = "[CP] Check Pods Manifest.lock";
			outputFileListPaths = (
			);
			outputPaths = (
				"$(DERIVED_FILE_DIR)/Pods-UnsplashToyProject-UnsplashToyProjectUITests-checkManifestLockResult.txt",
			);
			runOnlyForDeploymentPostprocessing = 0;
			shellPath = /bin/sh;
			shellScript = "diff \"${PODS_PODFILE_DIR_PATH}/Podfile.lock\" \"${PODS_ROOT}/Manifest.lock\" > /dev/null\nif [ $? != 0 ] ; then\n    # print error to STDERR\n    echo \"error: The sandbox is not in sync with the Podfile.lock. Run 'pod install' or update your CocoaPods installation.\" >&2\n    exit 1\nfi\n# This output is used by Xcode 'outputs' to avoid re-running this script phase.\necho \"SUCCESS\" > \"${SCRIPT_OUTPUT_FILE_0}\"\n";
			showEnvVarsInLog = 0;
		};
		E1FC42A3AFC2A8FD14432EF8 /* [CP] Check Pods Manifest.lock */ = {
			isa = PBXShellScriptBuildPhase;
			buildActionMask = 2147483647;
			files = (
			);
			inputFileListPaths = (
			);
			inputPaths = (
				"${PODS_PODFILE_DIR_PATH}/Podfile.lock",
				"${PODS_ROOT}/Manifest.lock",
			);
			name = "[CP] Check Pods Manifest.lock";
			outputFileListPaths = (
			);
			outputPaths = (
				"$(DERIVED_FILE_DIR)/Pods-UnsplashToyProject-checkManifestLockResult.txt",
			);
			runOnlyForDeploymentPostprocessing = 0;
			shellPath = /bin/sh;
			shellScript = "diff \"${PODS_PODFILE_DIR_PATH}/Podfile.lock\" \"${PODS_ROOT}/Manifest.lock\" > /dev/null\nif [ $? != 0 ] ; then\n    # print error to STDERR\n    echo \"error: The sandbox is not in sync with the Podfile.lock. Run 'pod install' or update your CocoaPods installation.\" >&2\n    exit 1\nfi\n# This output is used by Xcode 'outputs' to avoid re-running this script phase.\necho \"SUCCESS\" > \"${SCRIPT_OUTPUT_FILE_0}\"\n";
			showEnvVarsInLog = 0;
		};
		E76A0568270BEA2FEEFCB02F /* [CP] Embed Pods Frameworks */ = {
			isa = PBXShellScriptBuildPhase;
			buildActionMask = 2147483647;
			files = (
			);
			inputFileListPaths = (
				"${PODS_ROOT}/Target Support Files/Pods-UnsplashToyProject-UnsplashToyProjectUITests/Pods-UnsplashToyProject-UnsplashToyProjectUITests-frameworks-${CONFIGURATION}-input-files.xcfilelist",
			);
			name = "[CP] Embed Pods Frameworks";
			outputFileListPaths = (
				"${PODS_ROOT}/Target Support Files/Pods-UnsplashToyProject-UnsplashToyProjectUITests/Pods-UnsplashToyProject-UnsplashToyProjectUITests-frameworks-${CONFIGURATION}-output-files.xcfilelist",
			);
			runOnlyForDeploymentPostprocessing = 0;
			shellPath = /bin/sh;
			shellScript = "\"${PODS_ROOT}/Target Support Files/Pods-UnsplashToyProject-UnsplashToyProjectUITests/Pods-UnsplashToyProject-UnsplashToyProjectUITests-frameworks.sh\"\n";
			showEnvVarsInLog = 0;
		};
		EE9A29684F9C4EC7930E373B /* [CP] Embed Pods Frameworks */ = {
			isa = PBXShellScriptBuildPhase;
			buildActionMask = 2147483647;
			files = (
			);
			inputFileListPaths = (
				"${PODS_ROOT}/Target Support Files/Pods-UnsplashToyProjectTests/Pods-UnsplashToyProjectTests-frameworks-${CONFIGURATION}-input-files.xcfilelist",
			);
			name = "[CP] Embed Pods Frameworks";
			outputFileListPaths = (
				"${PODS_ROOT}/Target Support Files/Pods-UnsplashToyProjectTests/Pods-UnsplashToyProjectTests-frameworks-${CONFIGURATION}-output-files.xcfilelist",
			);
			runOnlyForDeploymentPostprocessing = 0;
			shellPath = /bin/sh;
			shellScript = "\"${PODS_ROOT}/Target Support Files/Pods-UnsplashToyProjectTests/Pods-UnsplashToyProjectTests-frameworks.sh\"\n";
			showEnvVarsInLog = 0;
		};
		F569D0A3969E1C5BB72A620D /* [CP] Check Pods Manifest.lock */ = {
			isa = PBXShellScriptBuildPhase;
			buildActionMask = 2147483647;
			files = (
			);
			inputFileListPaths = (
			);
			inputPaths = (
				"${PODS_PODFILE_DIR_PATH}/Podfile.lock",
				"${PODS_ROOT}/Manifest.lock",
			);
			name = "[CP] Check Pods Manifest.lock";
			outputFileListPaths = (
			);
			outputPaths = (
				"$(DERIVED_FILE_DIR)/Pods-UnsplashToyProjectTests-checkManifestLockResult.txt",
			);
			runOnlyForDeploymentPostprocessing = 0;
			shellPath = /bin/sh;
			shellScript = "diff \"${PODS_PODFILE_DIR_PATH}/Podfile.lock\" \"${PODS_ROOT}/Manifest.lock\" > /dev/null\nif [ $? != 0 ] ; then\n    # print error to STDERR\n    echo \"error: The sandbox is not in sync with the Podfile.lock. Run 'pod install' or update your CocoaPods installation.\" >&2\n    exit 1\nfi\n# This output is used by Xcode 'outputs' to avoid re-running this script phase.\necho \"SUCCESS\" > \"${SCRIPT_OUTPUT_FILE_0}\"\n";
			showEnvVarsInLog = 0;
		};
		F62E74406F5E5770B7998C78 /* [CP] Embed Pods Frameworks */ = {
			isa = PBXShellScriptBuildPhase;
			buildActionMask = 2147483647;
			files = (
			);
			inputFileListPaths = (
				"${PODS_ROOT}/Target Support Files/Pods-UnsplashToyProject/Pods-UnsplashToyProject-frameworks-${CONFIGURATION}-input-files.xcfilelist",
			);
			name = "[CP] Embed Pods Frameworks";
			outputFileListPaths = (
				"${PODS_ROOT}/Target Support Files/Pods-UnsplashToyProject/Pods-UnsplashToyProject-frameworks-${CONFIGURATION}-output-files.xcfilelist",
			);
			runOnlyForDeploymentPostprocessing = 0;
			shellPath = /bin/sh;
			shellScript = "\"${PODS_ROOT}/Target Support Files/Pods-UnsplashToyProject/Pods-UnsplashToyProject-frameworks.sh\"\n";
			showEnvVarsInLog = 0;
		};
/* End PBXShellScriptBuildPhase section */

/* Begin PBXSourcesBuildPhase section */
		03138D70275A6865003883CA /* Sources */ = {
			isa = PBXSourcesBuildPhase;
			buildActionMask = 2147483647;
			files = (
				03138DB5275A71DB003883CA /* Photographer.swift in Sources */,
				03138DB3275A7134003883CA /* Photo.swift in Sources */,
				03138DAC275A6C79003883CA /* URLSessionExtension.swift in Sources */,
				03138D7C275A6865003883CA /* ViewController.swift in Sources */,
				03138D78275A6865003883CA /* AppDelegate.swift in Sources */,
				03138D7A275A6865003883CA /* SceneDelegate.swift in Sources */,
				03138DA9275A6B6A003883CA /* NetworkAPI.swift in Sources */,
			);
			runOnlyForDeploymentPostprocessing = 0;
		};
		03138D86275A6869003883CA /* Sources */ = {
			isa = PBXSourcesBuildPhase;
			buildActionMask = 2147483647;
			files = (
				03138D8F275A6869003883CA /* UnsplashToyProjectTests.swift in Sources */,
				03138DB0275A6D57003883CA /* PhotoAPIUnitTests.swift in Sources */,
			);
			runOnlyForDeploymentPostprocessing = 0;
		};
		03138D90275A6869003883CA /* Sources */ = {
			isa = PBXSourcesBuildPhase;
			buildActionMask = 2147483647;
			files = (
				03138D99275A6869003883CA /* UnsplashToyProjectUITests.swift in Sources */,
				03138D9B275A6869003883CA /* UnsplashToyProjectUITestsLaunchTests.swift in Sources */,
			);
			runOnlyForDeploymentPostprocessing = 0;
		};
/* End PBXSourcesBuildPhase section */

/* Begin PBXTargetDependency section */
		03138D8C275A6869003883CA /* PBXTargetDependency */ = {
			isa = PBXTargetDependency;
			target = 03138D73275A6865003883CA /* UnsplashToyProject */;
			targetProxy = 03138D8B275A6869003883CA /* PBXContainerItemProxy */;
		};
		03138D96275A6869003883CA /* PBXTargetDependency */ = {
			isa = PBXTargetDependency;
			target = 03138D73275A6865003883CA /* UnsplashToyProject */;
			targetProxy = 03138D95275A6869003883CA /* PBXContainerItemProxy */;
		};
/* End PBXTargetDependency section */

/* Begin PBXVariantGroup section */
		03138D7D275A6865003883CA /* Main.storyboard */ = {
			isa = PBXVariantGroup;
			children = (
				03138D7E275A6865003883CA /* Base */,
			);
			name = Main.storyboard;
			sourceTree = "<group>";
		};
		03138D82275A6868003883CA /* LaunchScreen.storyboard */ = {
			isa = PBXVariantGroup;
			children = (
				03138D83275A6868003883CA /* Base */,
			);
			name = LaunchScreen.storyboard;
			sourceTree = "<group>";
		};
/* End PBXVariantGroup section */

/* Begin XCBuildConfiguration section */
		03138D9C275A6869003883CA /* Debug */ = {
			isa = XCBuildConfiguration;
			buildSettings = {
				ALWAYS_SEARCH_USER_PATHS = NO;
				CLANG_ANALYZER_NONNULL = YES;
				CLANG_ANALYZER_NUMBER_OBJECT_CONVERSION = YES_AGGRESSIVE;
				CLANG_CXX_LANGUAGE_STANDARD = "gnu++17";
				CLANG_CXX_LIBRARY = "libc++";
				CLANG_ENABLE_MODULES = YES;
				CLANG_ENABLE_OBJC_ARC = YES;
				CLANG_ENABLE_OBJC_WEAK = YES;
				CLANG_WARN_BLOCK_CAPTURE_AUTORELEASING = YES;
				CLANG_WARN_BOOL_CONVERSION = YES;
				CLANG_WARN_COMMA = YES;
				CLANG_WARN_CONSTANT_CONVERSION = YES;
				CLANG_WARN_DEPRECATED_OBJC_IMPLEMENTATIONS = YES;
				CLANG_WARN_DIRECT_OBJC_ISA_USAGE = YES_ERROR;
				CLANG_WARN_DOCUMENTATION_COMMENTS = YES;
				CLANG_WARN_EMPTY_BODY = YES;
				CLANG_WARN_ENUM_CONVERSION = YES;
				CLANG_WARN_INFINITE_RECURSION = YES;
				CLANG_WARN_INT_CONVERSION = YES;
				CLANG_WARN_NON_LITERAL_NULL_CONVERSION = YES;
				CLANG_WARN_OBJC_IMPLICIT_RETAIN_SELF = YES;
				CLANG_WARN_OBJC_LITERAL_CONVERSION = YES;
				CLANG_WARN_OBJC_ROOT_CLASS = YES_ERROR;
				CLANG_WARN_QUOTED_INCLUDE_IN_FRAMEWORK_HEADER = YES;
				CLANG_WARN_RANGE_LOOP_ANALYSIS = YES;
				CLANG_WARN_STRICT_PROTOTYPES = YES;
				CLANG_WARN_SUSPICIOUS_MOVE = YES;
				CLANG_WARN_UNGUARDED_AVAILABILITY = YES_AGGRESSIVE;
				CLANG_WARN_UNREACHABLE_CODE = YES;
				CLANG_WARN__DUPLICATE_METHOD_MATCH = YES;
				COPY_PHASE_STRIP = NO;
				DEBUG_INFORMATION_FORMAT = dwarf;
				ENABLE_STRICT_OBJC_MSGSEND = YES;
				ENABLE_TESTABILITY = YES;
				GCC_C_LANGUAGE_STANDARD = gnu11;
				GCC_DYNAMIC_NO_PIC = NO;
				GCC_NO_COMMON_BLOCKS = YES;
				GCC_OPTIMIZATION_LEVEL = 0;
				GCC_PREPROCESSOR_DEFINITIONS = (
					"DEBUG=1",
					"$(inherited)",
				);
				GCC_WARN_64_TO_32_BIT_CONVERSION = YES;
				GCC_WARN_ABOUT_RETURN_TYPE = YES_ERROR;
				GCC_WARN_UNDECLARED_SELECTOR = YES;
				GCC_WARN_UNINITIALIZED_AUTOS = YES_AGGRESSIVE;
				GCC_WARN_UNUSED_FUNCTION = YES;
				GCC_WARN_UNUSED_VARIABLE = YES;
				IPHONEOS_DEPLOYMENT_TARGET = 15.0;
				MTL_ENABLE_DEBUG_INFO = INCLUDE_SOURCE;
				MTL_FAST_MATH = YES;
				ONLY_ACTIVE_ARCH = YES;
				SDKROOT = iphoneos;
				SWIFT_ACTIVE_COMPILATION_CONDITIONS = DEBUG;
				SWIFT_OPTIMIZATION_LEVEL = "-Onone";
			};
			name = Debug;
		};
		03138D9D275A6869003883CA /* Release */ = {
			isa = XCBuildConfiguration;
			buildSettings = {
				ALWAYS_SEARCH_USER_PATHS = NO;
				CLANG_ANALYZER_NONNULL = YES;
				CLANG_ANALYZER_NUMBER_OBJECT_CONVERSION = YES_AGGRESSIVE;
				CLANG_CXX_LANGUAGE_STANDARD = "gnu++17";
				CLANG_CXX_LIBRARY = "libc++";
				CLANG_ENABLE_MODULES = YES;
				CLANG_ENABLE_OBJC_ARC = YES;
				CLANG_ENABLE_OBJC_WEAK = YES;
				CLANG_WARN_BLOCK_CAPTURE_AUTORELEASING = YES;
				CLANG_WARN_BOOL_CONVERSION = YES;
				CLANG_WARN_COMMA = YES;
				CLANG_WARN_CONSTANT_CONVERSION = YES;
				CLANG_WARN_DEPRECATED_OBJC_IMPLEMENTATIONS = YES;
				CLANG_WARN_DIRECT_OBJC_ISA_USAGE = YES_ERROR;
				CLANG_WARN_DOCUMENTATION_COMMENTS = YES;
				CLANG_WARN_EMPTY_BODY = YES;
				CLANG_WARN_ENUM_CONVERSION = YES;
				CLANG_WARN_INFINITE_RECURSION = YES;
				CLANG_WARN_INT_CONVERSION = YES;
				CLANG_WARN_NON_LITERAL_NULL_CONVERSION = YES;
				CLANG_WARN_OBJC_IMPLICIT_RETAIN_SELF = YES;
				CLANG_WARN_OBJC_LITERAL_CONVERSION = YES;
				CLANG_WARN_OBJC_ROOT_CLASS = YES_ERROR;
				CLANG_WARN_QUOTED_INCLUDE_IN_FRAMEWORK_HEADER = YES;
				CLANG_WARN_RANGE_LOOP_ANALYSIS = YES;
				CLANG_WARN_STRICT_PROTOTYPES = YES;
				CLANG_WARN_SUSPICIOUS_MOVE = YES;
				CLANG_WARN_UNGUARDED_AVAILABILITY = YES_AGGRESSIVE;
				CLANG_WARN_UNREACHABLE_CODE = YES;
				CLANG_WARN__DUPLICATE_METHOD_MATCH = YES;
				COPY_PHASE_STRIP = NO;
				DEBUG_INFORMATION_FORMAT = "dwarf-with-dsym";
				ENABLE_NS_ASSERTIONS = NO;
				ENABLE_STRICT_OBJC_MSGSEND = YES;
				GCC_C_LANGUAGE_STANDARD = gnu11;
				GCC_NO_COMMON_BLOCKS = YES;
				GCC_WARN_64_TO_32_BIT_CONVERSION = YES;
				GCC_WARN_ABOUT_RETURN_TYPE = YES_ERROR;
				GCC_WARN_UNDECLARED_SELECTOR = YES;
				GCC_WARN_UNINITIALIZED_AUTOS = YES_AGGRESSIVE;
				GCC_WARN_UNUSED_FUNCTION = YES;
				GCC_WARN_UNUSED_VARIABLE = YES;
				IPHONEOS_DEPLOYMENT_TARGET = 15.0;
				MTL_ENABLE_DEBUG_INFO = NO;
				MTL_FAST_MATH = YES;
				SDKROOT = iphoneos;
				SWIFT_COMPILATION_MODE = wholemodule;
				SWIFT_OPTIMIZATION_LEVEL = "-O";
				VALIDATE_PRODUCT = YES;
			};
			name = Release;
		};
		03138D9F275A6869003883CA /* Debug */ = {
			isa = XCBuildConfiguration;
			baseConfigurationReference = 5561A2B3E3DDF7E114122A72 /* Pods-UnsplashToyProject.debug.xcconfig */;
			buildSettings = {
				ASSETCATALOG_COMPILER_APPICON_NAME = AppIcon;
				ASSETCATALOG_COMPILER_GLOBAL_ACCENT_COLOR_NAME = AccentColor;
				CODE_SIGN_STYLE = Automatic;
				CURRENT_PROJECT_VERSION = 1;
				DEVELOPMENT_TEAM = MBAJ2NCPU9;
				GENERATE_INFOPLIST_FILE = YES;
				INFOPLIST_FILE = UnsplashToyProject/Info.plist;
				INFOPLIST_KEY_UIApplicationSupportsIndirectInputEvents = YES;
				INFOPLIST_KEY_UILaunchStoryboardName = LaunchScreen;
				INFOPLIST_KEY_UIMainStoryboardFile = Main;
				INFOPLIST_KEY_UISupportedInterfaceOrientations_iPad = "UIInterfaceOrientationPortrait UIInterfaceOrientationPortraitUpsideDown UIInterfaceOrientationLandscapeLeft UIInterfaceOrientationLandscapeRight";
				INFOPLIST_KEY_UISupportedInterfaceOrientations_iPhone = "UIInterfaceOrientationPortrait UIInterfaceOrientationLandscapeLeft UIInterfaceOrientationLandscapeRight";
				LD_RUNPATH_SEARCH_PATHS = (
					"$(inherited)",
					"@executable_path/Frameworks",
				);
				MARKETING_VERSION = 1.0;
				PRODUCT_BUNDLE_IDENTIFIER = com.hyungseok.UnsplashToyProject;
				PRODUCT_NAME = "$(TARGET_NAME)";
				SWIFT_EMIT_LOC_STRINGS = YES;
				SWIFT_VERSION = 5.0;
				TARGETED_DEVICE_FAMILY = 1;
			};
			name = Debug;
		};
		03138DA0275A6869003883CA /* Release */ = {
			isa = XCBuildConfiguration;
			baseConfigurationReference = BF2D645BE98672CEF312BBCD /* Pods-UnsplashToyProject.release.xcconfig */;
			buildSettings = {
				ASSETCATALOG_COMPILER_APPICON_NAME = AppIcon;
				ASSETCATALOG_COMPILER_GLOBAL_ACCENT_COLOR_NAME = AccentColor;
				CODE_SIGN_STYLE = Automatic;
				CURRENT_PROJECT_VERSION = 1;
				DEVELOPMENT_TEAM = MBAJ2NCPU9;
				GENERATE_INFOPLIST_FILE = YES;
				INFOPLIST_FILE = UnsplashToyProject/Info.plist;
				INFOPLIST_KEY_UIApplicationSupportsIndirectInputEvents = YES;
				INFOPLIST_KEY_UILaunchStoryboardName = LaunchScreen;
				INFOPLIST_KEY_UIMainStoryboardFile = Main;
				INFOPLIST_KEY_UISupportedInterfaceOrientations_iPad = "UIInterfaceOrientationPortrait UIInterfaceOrientationPortraitUpsideDown UIInterfaceOrientationLandscapeLeft UIInterfaceOrientationLandscapeRight";
				INFOPLIST_KEY_UISupportedInterfaceOrientations_iPhone = "UIInterfaceOrientationPortrait UIInterfaceOrientationLandscapeLeft UIInterfaceOrientationLandscapeRight";
				LD_RUNPATH_SEARCH_PATHS = (
					"$(inherited)",
					"@executable_path/Frameworks",
				);
				MARKETING_VERSION = 1.0;
				PRODUCT_BUNDLE_IDENTIFIER = com.hyungseok.UnsplashToyProject;
				PRODUCT_NAME = "$(TARGET_NAME)";
				SWIFT_EMIT_LOC_STRINGS = YES;
				SWIFT_VERSION = 5.0;
				TARGETED_DEVICE_FAMILY = 1;
			};
			name = Release;
		};
		03138DA2275A6869003883CA /* Debug */ = {
			isa = XCBuildConfiguration;
			baseConfigurationReference = 3AA87E97FA90ACE9F4A0B53E /* Pods-UnsplashToyProjectTests.debug.xcconfig */;
			buildSettings = {
				ALWAYS_EMBED_SWIFT_STANDARD_LIBRARIES = YES;
				BUNDLE_LOADER = "$(TEST_HOST)";
				CODE_SIGN_STYLE = Automatic;
				CURRENT_PROJECT_VERSION = 1;
				DEVELOPMENT_TEAM = MBAJ2NCPU9;
				GENERATE_INFOPLIST_FILE = YES;
				IPHONEOS_DEPLOYMENT_TARGET = 15.0;
				LD_RUNPATH_SEARCH_PATHS = (
					"$(inherited)",
					"@executable_path/Frameworks",
					"@loader_path/Frameworks",
				);
				MARKETING_VERSION = 1.0;
				PRODUCT_BUNDLE_IDENTIFIER = com.hyungseok.UnsplashToyProjectTests;
				PRODUCT_NAME = "$(TARGET_NAME)";
				SWIFT_EMIT_LOC_STRINGS = NO;
				SWIFT_VERSION = 5.0;
				TARGETED_DEVICE_FAMILY = "1,2";
				TEST_HOST = "$(BUILT_PRODUCTS_DIR)/UnsplashToyProject.app/UnsplashToyProject";
			};
			name = Debug;
		};
		03138DA3275A6869003883CA /* Release */ = {
			isa = XCBuildConfiguration;
			baseConfigurationReference = 11954F36439E3365BF32722E /* Pods-UnsplashToyProjectTests.release.xcconfig */;
			buildSettings = {
				ALWAYS_EMBED_SWIFT_STANDARD_LIBRARIES = YES;
				BUNDLE_LOADER = "$(TEST_HOST)";
				CODE_SIGN_STYLE = Automatic;
				CURRENT_PROJECT_VERSION = 1;
				DEVELOPMENT_TEAM = MBAJ2NCPU9;
				GENERATE_INFOPLIST_FILE = YES;
				IPHONEOS_DEPLOYMENT_TARGET = 15.0;
				LD_RUNPATH_SEARCH_PATHS = (
					"$(inherited)",
					"@executable_path/Frameworks",
					"@loader_path/Frameworks",
				);
				MARKETING_VERSION = 1.0;
				PRODUCT_BUNDLE_IDENTIFIER = com.hyungseok.UnsplashToyProjectTests;
				PRODUCT_NAME = "$(TARGET_NAME)";
				SWIFT_EMIT_LOC_STRINGS = NO;
				SWIFT_VERSION = 5.0;
				TARGETED_DEVICE_FAMILY = "1,2";
				TEST_HOST = "$(BUILT_PRODUCTS_DIR)/UnsplashToyProject.app/UnsplashToyProject";
			};
			name = Release;
		};
		03138DA5275A6869003883CA /* Debug */ = {
			isa = XCBuildConfiguration;
			baseConfigurationReference = F9ED2AC290356CE80ECE45CF /* Pods-UnsplashToyProject-UnsplashToyProjectUITests.debug.xcconfig */;
			buildSettings = {
				ALWAYS_EMBED_SWIFT_STANDARD_LIBRARIES = YES;
				CODE_SIGN_STYLE = Automatic;
				CURRENT_PROJECT_VERSION = 1;
				DEVELOPMENT_TEAM = MBAJ2NCPU9;
				GENERATE_INFOPLIST_FILE = YES;
				LD_RUNPATH_SEARCH_PATHS = (
					"$(inherited)",
					"@executable_path/Frameworks",
					"@loader_path/Frameworks",
				);
				MARKETING_VERSION = 1.0;
				PRODUCT_BUNDLE_IDENTIFIER = com.hyungseok.UnsplashToyProjectUITests;
				PRODUCT_NAME = "$(TARGET_NAME)";
				SWIFT_EMIT_LOC_STRINGS = NO;
				SWIFT_VERSION = 5.0;
				TARGETED_DEVICE_FAMILY = "1,2";
				TEST_TARGET_NAME = UnsplashToyProject;
			};
			name = Debug;
		};
		03138DA6275A6869003883CA /* Release */ = {
			isa = XCBuildConfiguration;
			baseConfigurationReference = C22FEDD4A5C06BDF8C678090 /* Pods-UnsplashToyProject-UnsplashToyProjectUITests.release.xcconfig */;
			buildSettings = {
				ALWAYS_EMBED_SWIFT_STANDARD_LIBRARIES = YES;
				CODE_SIGN_STYLE = Automatic;
				CURRENT_PROJECT_VERSION = 1;
				DEVELOPMENT_TEAM = MBAJ2NCPU9;
				GENERATE_INFOPLIST_FILE = YES;
				LD_RUNPATH_SEARCH_PATHS = (
					"$(inherited)",
					"@executable_path/Frameworks",
					"@loader_path/Frameworks",
				);
				MARKETING_VERSION = 1.0;
				PRODUCT_BUNDLE_IDENTIFIER = com.hyungseok.UnsplashToyProjectUITests;
				PRODUCT_NAME = "$(TARGET_NAME)";
				SWIFT_EMIT_LOC_STRINGS = NO;
				SWIFT_VERSION = 5.0;
				TARGETED_DEVICE_FAMILY = "1,2";
				TEST_TARGET_NAME = UnsplashToyProject;
			};
			name = Release;
		};
/* End XCBuildConfiguration section */

/* Begin XCConfigurationList section */
		03138D6F275A6865003883CA /* Build configuration list for PBXProject "UnsplashToyProject" */ = {
			isa = XCConfigurationList;
			buildConfigurations = (
				03138D9C275A6869003883CA /* Debug */,
				03138D9D275A6869003883CA /* Release */,
			);
			defaultConfigurationIsVisible = 0;
			defaultConfigurationName = Release;
		};
		03138D9E275A6869003883CA /* Build configuration list for PBXNativeTarget "UnsplashToyProject" */ = {
			isa = XCConfigurationList;
			buildConfigurations = (
				03138D9F275A6869003883CA /* Debug */,
				03138DA0275A6869003883CA /* Release */,
			);
			defaultConfigurationIsVisible = 0;
			defaultConfigurationName = Release;
		};
		03138DA1275A6869003883CA /* Build configuration list for PBXNativeTarget "UnsplashToyProjectTests" */ = {
			isa = XCConfigurationList;
			buildConfigurations = (
				03138DA2275A6869003883CA /* Debug */,
				03138DA3275A6869003883CA /* Release */,
			);
			defaultConfigurationIsVisible = 0;
			defaultConfigurationName = Release;
		};
		03138DA4275A6869003883CA /* Build configuration list for PBXNativeTarget "UnsplashToyProjectUITests" */ = {
			isa = XCConfigurationList;
			buildConfigurations = (
				03138DA5275A6869003883CA /* Debug */,
				03138DA6275A6869003883CA /* Release */,
			);
			defaultConfigurationIsVisible = 0;
			defaultConfigurationName = Release;
		};
/* End XCConfigurationList section */
	};
	rootObject = 03138D6C275A6865003883CA /* Project object */;
}
